
Microsoft Visual Studio Solution File, Format Version 12.00
# Visual Studio Version 16
VisualStudioVersion = 16.0.29209.152
MinimumVisualStudioVersion = 10.0.40219.1
Project("{9A19103F-16F7-4668-BE54-9A1E7A4F7556}") = "GamesPardinho.Web.API", "GamesPardinho.Web.API\GamesPardinho.Web.API.csproj", "{DA619B2C-366A-4E28-B9FA-05DC7CEE1F81}"
EndProject
Project("{FAE04EC0-301F-11D3-BF4B-00C04F79EFBC}") = "GamesPardinho.Web.Models", "GamesPardinho.Web.Models\GamesPardinho.Web.Models.csproj", "{6AE9545C-F42E-4BC2-B2CA-A009CF83B556}"
EndProject
Global
	GlobalSection(SolutionConfigurationPlatforms) = preSolution
		Debug|Any CPU = Debug|Any CPU
		Release|Any CPU = Release|Any CPU
	EndGlobalSection
	GlobalSection(ProjectConfigurationPlatforms) = postSolution
		{DA619B2C-366A-4E28-B9FA-05DC7CEE1F81}.Debug|Any CPU.ActiveCfg = Debug|Any CPU
		{DA619B2C-366A-4E28-B9FA-05DC7CEE1F81}.Debug|Any CPU.Build.0 = Debug|Any CPU
		{DA619B2C-366A-4E28-B9FA-05DC7CEE1F81}.Release|Any CPU.ActiveCfg = Release|Any CPU
		{DA619B2C-366A-4E28-B9FA-05DC7CEE1F81}.Release|Any CPU.Build.0 = Release|Any CPU
		{6AE9545C-F42E-4BC2-B2CA-A009CF83B556}.Debug|Any CPU.ActiveCfg = Debug|Any CPU
		{6AE9545C-F42E-4BC2-B2CA-A009CF83B556}.Debug|Any CPU.Build.0 = Debug|Any CPU
		{6AE9545C-F42E-4BC2-B2CA-A009CF83B556}.Release|Any CPU.ActiveCfg = Release|Any CPU
		{6AE9545C-F42E-4BC2-B2CA-A009CF83B556}.Release|Any CPU.Build.0 = Release|Any CPU
	EndGlobalSection
	GlobalSection(SolutionProperties) = preSolution
		HideSolutionNode = FALSE
	EndGlobalSection
	GlobalSection(ExtensibilityGlobals) = postSolution
		SolutionGuid = {D5424D1C-D9FE-4F2F-9C8D-7E841A9BC8E7}
	EndGlobalSection
EndGlobal
